
Microsoft Visual Studio Solution File, Format Version 12.00
# Visual Studio Version 17
VisualStudioVersion = 17.6.33829.357
MinimumVisualStudioVersion = 10.0.40219.1
Project("{FAE04EC0-301F-11D3-BF4B-00C04F79EFBC}") = "Bogosort", "Bogosort\Bogosort.csproj", "{2987A022-F581-46AF-AD32-24498B02AE9C}"
EndProject
Project("{FAE04EC0-301F-11D3-BF4B-00C04F79EFBC}") = "BubbleSort", "BubbleSort\BubbleSort.csproj", "{C60E4F87-C767-42D8-8412-28D833B61480}"
EndProject
Project("{FAE04EC0-301F-11D3-BF4B-00C04F79EFBC}") = "ShakerSort", "ShakerSort\ShakerSort.csproj", "{1F93CF56-4FC8-4610-A62E-D62E93B10D75}"
EndProject
Project("{FAE04EC0-301F-11D3-BF4B-00C04F79EFBC}") = "InsertionSort", "InsertionSort\InsertionSort.csproj", "{D9F0251D-B009-494D-8122-824CFF5D57D7}"
EndProject
Project("{FAE04EC0-301F-11D3-BF4B-00C04F79EFBC}") = "PancakeSort", "PancakeSort\PancakeSort.csproj", "{23A12F97-0997-4ED8-9FD0-ADFD2D6E8386}"
EndProject
Global
	GlobalSection(SolutionConfigurationPlatforms) = preSolution
		Debug|Any CPU = Debug|Any CPU
		Release|Any CPU = Release|Any CPU
	EndGlobalSection
	GlobalSection(ProjectConfigurationPlatforms) = postSolution
		{2987A022-F581-46AF-AD32-24498B02AE9C}.Debug|Any CPU.ActiveCfg = Debug|Any CPU
		{2987A022-F581-46AF-AD32-24498B02AE9C}.Debug|Any CPU.Build.0 = Debug|Any CPU
		{2987A022-F581-46AF-AD32-24498B02AE9C}.Release|Any CPU.ActiveCfg = Release|Any CPU
		{2987A022-F581-46AF-AD32-24498B02AE9C}.Release|Any CPU.Build.0 = Release|Any CPU
		{C60E4F87-C767-42D8-8412-28D833B61480}.Debug|Any CPU.ActiveCfg = Debug|Any CPU
		{C60E4F87-C767-42D8-8412-28D833B61480}.Debug|Any CPU.Build.0 = Debug|Any CPU
		{C60E4F87-C767-42D8-8412-28D833B61480}.Release|Any CPU.ActiveCfg = Release|Any CPU
		{C60E4F87-C767-42D8-8412-28D833B61480}.Release|Any CPU.Build.0 = Release|Any CPU
		{1F93CF56-4FC8-4610-A62E-D62E93B10D75}.Debug|Any CPU.ActiveCfg = Debug|Any CPU
		{1F93CF56-4FC8-4610-A62E-D62E93B10D75}.Debug|Any CPU.Build.0 = Debug|Any CPU
		{1F93CF56-4FC8-4610-A62E-D62E93B10D75}.Release|Any CPU.ActiveCfg = Release|Any CPU
		{1F93CF56-4FC8-4610-A62E-D62E93B10D75}.Release|Any CPU.Build.0 = Release|Any CPU
		{D9F0251D-B009-494D-8122-824CFF5D57D7}.Debug|Any CPU.ActiveCfg = Debug|Any CPU
		{D9F0251D-B009-494D-8122-824CFF5D57D7}.Debug|Any CPU.Build.0 = Debug|Any CPU
		{D9F0251D-B009-494D-8122-824CFF5D57D7}.Release|Any CPU.ActiveCfg = Release|Any CPU
		{D9F0251D-B009-494D-8122-824CFF5D57D7}.Release|Any CPU.Build.0 = Release|Any CPU
		{23A12F97-0997-4ED8-9FD0-ADFD2D6E8386}.Debug|Any CPU.ActiveCfg = Debug|Any CPU
		{23A12F97-0997-4ED8-9FD0-ADFD2D6E8386}.Debug|Any CPU.Build.0 = Debug|Any CPU
		{23A12F97-0997-4ED8-9FD0-ADFD2D6E8386}.Release|Any CPU.ActiveCfg = Release|Any CPU
		{23A12F97-0997-4ED8-9FD0-ADFD2D6E8386}.Release|Any CPU.Build.0 = Release|Any CPU
	EndGlobalSection
	GlobalSection(SolutionProperties) = preSolution
		HideSolutionNode = FALSE
	EndGlobalSection
	GlobalSection(ExtensibilityGlobals) = postSolution
		SolutionGuid = {57413C60-F5CC-4841-B7E3-4E33E25797B5}
	EndGlobalSection
EndGlobal
